github.com/AdityaSoni128/tablebuilderwithgo v0.0.0-20231029080708-2276974b2309 h1:09HXf8NdJrMxZLlDyhio27YL9oixC6g3Ax+uzJprjdk=
github.com/AdityaSoni128/tablebuilderwithgo v0.0.0-20231029080708-2276974b2309/go.mod h1:9Gut6HeWaHD+UOSXEYDzXC6UmrD3zNqL+tHfdCXRFDc=
github.com/AdityaSoni128/tablebuilderwithgo v1.1.0 h1:jIs+DkjIVsHPM+28U+CopUXJ98pFBWX1D7Fgz6c1tCA=
github.com/AdityaSoni128/tablebuilderwithgo v1.1.0/go.mod h1:9Gut6HeWaHD+UOSXEYDzXC6UmrD3zNqL+tHfdCXRFDc=
